
Microsoft Visual Studio Solution File, Format Version 12.00
# Visual Studio Version 17
VisualStudioVersion = 17.11.35327.3
MinimumVisualStudioVersion = 10.0.40219.1
Project("{9A19103F-16F7-4668-BE54-9A1E7A4F7556}") = "DisconnectedModeTask", "DisconnectedModeTask\DisconnectedModeTask.csproj", "{0E444342-668E-47C0-99CB-5823412AE1DC}"
EndProject
Project("{9A19103F-16F7-4668-BE54-9A1E7A4F7556}") = "Company.PresentationLayer", "Company.PresentationLayer\Company.PresentationLayer.csproj", "{311B0F26-0933-4207-BA08-F0D41D8C6D53}"
EndProject
Project("{9A19103F-16F7-4668-BE54-9A1E7A4F7556}") = "Company.DBManager", "Company.DBManager\Company.DBManager.csproj", "{C7D5D656-BF42-4AD1-B345-8AB4F39D8229}"
EndProject
Project("{9A19103F-16F7-4668-BE54-9A1E7A4F7556}") = "Company.BusinessLayer", "Company.BusinessLayer\Company.BusinessLayer.csproj", "{98E66820-8EC3-43D6-ABBD-CA3CBBEFE559}"
EndProject
Global
	GlobalSection(SolutionConfigurationPlatforms) = preSolution
		Debug|Any CPU = Debug|Any CPU
		Release|Any CPU = Release|Any CPU
	EndGlobalSection
	GlobalSection(ProjectConfigurationPlatforms) = postSolution
		{0E444342-668E-47C0-99CB-5823412AE1DC}.Debug|Any CPU.ActiveCfg = Debug|Any CPU
		{0E444342-668E-47C0-99CB-5823412AE1DC}.Debug|Any CPU.Build.0 = Debug|Any CPU
		{0E444342-668E-47C0-99CB-5823412AE1DC}.Release|Any CPU.ActiveCfg = Release|Any CPU
		{0E444342-668E-47C0-99CB-5823412AE1DC}.Release|Any CPU.Build.0 = Release|Any CPU
		{311B0F26-0933-4207-BA08-F0D41D8C6D53}.Debug|Any CPU.ActiveCfg = Debug|Any CPU
		{311B0F26-0933-4207-BA08-F0D41D8C6D53}.Debug|Any CPU.Build.0 = Debug|Any CPU
		{311B0F26-0933-4207-BA08-F0D41D8C6D53}.Release|Any CPU.ActiveCfg = Release|Any CPU
		{311B0F26-0933-4207-BA08-F0D41D8C6D53}.Release|Any CPU.Build.0 = Release|Any CPU
		{C7D5D656-BF42-4AD1-B345-8AB4F39D8229}.Debug|Any CPU.ActiveCfg = Debug|Any CPU
		{C7D5D656-BF42-4AD1-B345-8AB4F39D8229}.Debug|Any CPU.Build.0 = Debug|Any CPU
		{C7D5D656-BF42-4AD1-B345-8AB4F39D8229}.Release|Any CPU.ActiveCfg = Release|Any CPU
		{C7D5D656-BF42-4AD1-B345-8AB4F39D8229}.Release|Any CPU.Build.0 = Release|Any CPU
		{98E66820-8EC3-43D6-ABBD-CA3CBBEFE559}.Debug|Any CPU.ActiveCfg = Debug|Any CPU
		{98E66820-8EC3-43D6-ABBD-CA3CBBEFE559}.Debug|Any CPU.Build.0 = Debug|Any CPU
		{98E66820-8EC3-43D6-ABBD-CA3CBBEFE559}.Release|Any CPU.ActiveCfg = Release|Any CPU
		{98E66820-8EC3-43D6-ABBD-CA3CBBEFE559}.Release|Any CPU.Build.0 = Release|Any CPU
	EndGlobalSection
	GlobalSection(SolutionProperties) = preSolution
		HideSolutionNode = FALSE
	EndGlobalSection
	GlobalSection(ExtensibilityGlobals) = postSolution
		SolutionGuid = {19781894-76FA-4645-B215-7DB93DAC7E66}
	EndGlobalSection
EndGlobal
